
Microsoft Visual Studio Solution File, Format Version 12.00
# Visual Studio 15
Project("{FAE04EC0-301F-11D3-BF4B-00C04F79EFBC}") = "Unity.XR.OpenVR", "Unity.XR.OpenVR.csproj", "{47C758C6-9931-8A70-E286-D47398EF3950}"
EndProject
Project("{FAE04EC0-301F-11D3-BF4B-00C04F79EFBC}") = "Assembly-CSharp", "Assembly-CSharp.csproj", "{287F8483-1CBC-9AFE-321E-96055C9FF733}"
EndProject
Project("{FAE04EC0-301F-11D3-BF4B-00C04F79EFBC}") = "SteamVR", "SteamVR.csproj", "{77F1F2B2-AFE1-5097-F198-A2FC7E749E25}"
EndProject
Project("{FAE04EC0-301F-11D3-BF4B-00C04F79EFBC}") = "SteamVR_Actions", "SteamVR_Actions.csproj", "{6D251E09-AD4B-13C0-F2A8-5982D9B2BB73}"
EndProject
Project("{FAE04EC0-301F-11D3-BF4B-00C04F79EFBC}") = "Unity.XR.OpenVR.Editor", "Unity.XR.OpenVR.Editor.csproj", "{42D55C23-FED7-69EC-4E15-ADD780D94C98}"
EndProject
Project("{FAE04EC0-301F-11D3-BF4B-00C04F79EFBC}") = "SteamVR_Editor", "SteamVR_Editor.csproj", "{96DE3AB8-D747-60FF-BEE5-EA06F9F3615E}"
EndProject
Project("{FAE04EC0-301F-11D3-BF4B-00C04F79EFBC}") = "SteamVR_Input_Editor", "SteamVR_Input_Editor.csproj", "{9CCAABD2-4751-F24A-94AC-E4A4E2D958FB}"
EndProject
Project("{FAE04EC0-301F-11D3-BF4B-00C04F79EFBC}") = "SteamVR_Windows_EditorHelper", "SteamVR_Windows_EditorHelper.csproj", "{63155C99-9BB9-721C-E117-6C78996ED1C3}"
EndProject
Global
	GlobalSection(SolutionConfigurationPlatforms) = preSolution
		Debug|Any CPU = Debug|Any CPU
		Release|Any CPU = Release|Any CPU
	EndGlobalSection
	GlobalSection(ProjectConfigurationPlatforms) = postSolution
		{47C758C6-9931-8A70-E286-D47398EF3950}.Debug|Any CPU.ActiveCfg = Debug|Any CPU
		{47C758C6-9931-8A70-E286-D47398EF3950}.Debug|Any CPU.Build.0 = Debug|Any CPU
		{47C758C6-9931-8A70-E286-D47398EF3950}.Release|Any CPU.ActiveCfg = Release|Any CPU
		{47C758C6-9931-8A70-E286-D47398EF3950}.Release|Any CPU.Build.0 = Release|Any CPU
		{287F8483-1CBC-9AFE-321E-96055C9FF733}.Debug|Any CPU.ActiveCfg = Debug|Any CPU
		{287F8483-1CBC-9AFE-321E-96055C9FF733}.Debug|Any CPU.Build.0 = Debug|Any CPU
		{287F8483-1CBC-9AFE-321E-96055C9FF733}.Release|Any CPU.ActiveCfg = Release|Any CPU
		{287F8483-1CBC-9AFE-321E-96055C9FF733}.Release|Any CPU.Build.0 = Release|Any CPU
		{77F1F2B2-AFE1-5097-F198-A2FC7E749E25}.Debug|Any CPU.ActiveCfg = Debug|Any CPU
		{77F1F2B2-AFE1-5097-F198-A2FC7E749E25}.Debug|Any CPU.Build.0 = Debug|Any CPU
		{77F1F2B2-AFE1-5097-F198-A2FC7E749E25}.Release|Any CPU.ActiveCfg = Release|Any CPU
		{77F1F2B2-AFE1-5097-F198-A2FC7E749E25}.Release|Any CPU.Build.0 = Release|Any CPU
		{6D251E09-AD4B-13C0-F2A8-5982D9B2BB73}.Debug|Any CPU.ActiveCfg = Debug|Any CPU
		{6D251E09-AD4B-13C0-F2A8-5982D9B2BB73}.Debug|Any CPU.Build.0 = Debug|Any CPU
		{6D251E09-AD4B-13C0-F2A8-5982D9B2BB73}.Release|Any CPU.ActiveCfg = Release|Any CPU
		{6D251E09-AD4B-13C0-F2A8-5982D9B2BB73}.Release|Any CPU.Build.0 = Release|Any CPU
		{42D55C23-FED7-69EC-4E15-ADD780D94C98}.Debug|Any CPU.ActiveCfg = Debug|Any CPU
		{42D55C23-FED7-69EC-4E15-ADD780D94C98}.Debug|Any CPU.Build.0 = Debug|Any CPU
		{42D55C23-FED7-69EC-4E15-ADD780D94C98}.Release|Any CPU.ActiveCfg = Release|Any CPU
		{42D55C23-FED7-69EC-4E15-ADD780D94C98}.Release|Any CPU.Build.0 = Release|Any CPU
		{96DE3AB8-D747-60FF-BEE5-EA06F9F3615E}.Debug|Any CPU.ActiveCfg = Debug|Any CPU
		{96DE3AB8-D747-60FF-BEE5-EA06F9F3615E}.Debug|Any CPU.Build.0 = Debug|Any CPU
		{96DE3AB8-D747-60FF-BEE5-EA06F9F3615E}.Release|Any CPU.ActiveCfg = Release|Any CPU
		{96DE3AB8-D747-60FF-BEE5-EA06F9F3615E}.Release|Any CPU.Build.0 = Release|Any CPU
		{9CCAABD2-4751-F24A-94AC-E4A4E2D958FB}.Debug|Any CPU.ActiveCfg = Debug|Any CPU
		{9CCAABD2-4751-F24A-94AC-E4A4E2D958FB}.Debug|Any CPU.Build.0 = Debug|Any CPU
		{9CCAABD2-4751-F24A-94AC-E4A4E2D958FB}.Release|Any CPU.ActiveCfg = Release|Any CPU
		{9CCAABD2-4751-F24A-94AC-E4A4E2D958FB}.Release|Any CPU.Build.0 = Release|Any CPU
		{63155C99-9BB9-721C-E117-6C78996ED1C3}.Debug|Any CPU.ActiveCfg = Debug|Any CPU
		{63155C99-9BB9-721C-E117-6C78996ED1C3}.Debug|Any CPU.Build.0 = Debug|Any CPU
		{63155C99-9BB9-721C-E117-6C78996ED1C3}.Release|Any CPU.ActiveCfg = Release|Any CPU
		{63155C99-9BB9-721C-E117-6C78996ED1C3}.Release|Any CPU.Build.0 = Release|Any CPU
	EndGlobalSection
	GlobalSection(SolutionProperties) = preSolution
		HideSolutionNode = FALSE
	EndGlobalSection
EndGlobal
