
Microsoft Visual Studio Solution File, Format Version 12.00
# Visual Studio 15
Project("{FAE04EC0-301F-11D3-BF4B-00C04F79EFBC}") = "Assembly-CSharp", "Assembly-CSharp.csproj", "{287F8483-1CBC-9AFE-321E-96055C9FF733}"
EndProject
Project("{FAE04EC0-301F-11D3-BF4B-00C04F79EFBC}") = "Unity.XR.OpenVR", "Unity.XR.OpenVR.csproj", "{47C758C6-9931-8A70-E286-D47398EF3950}"
EndProject
Project("{FAE04EC0-301F-11D3-BF4B-00C04F79EFBC}") = "Unity.XR.OpenVR.Editor", "Unity.XR.OpenVR.Editor.csproj", "{42D55C23-FED7-69EC-4E15-ADD780D94C98}"
EndProject
Global
	GlobalSection(SolutionConfigurationPlatforms) = preSolution
		Debug|Any CPU = Debug|Any CPU
		Release|Any CPU = Release|Any CPU
	EndGlobalSection
	GlobalSection(ProjectConfigurationPlatforms) = postSolution
		{287F8483-1CBC-9AFE-321E-96055C9FF733}.Debug|Any CPU.ActiveCfg = Debug|Any CPU
		{287F8483-1CBC-9AFE-321E-96055C9FF733}.Debug|Any CPU.Build.0 = Debug|Any CPU
		{287F8483-1CBC-9AFE-321E-96055C9FF733}.Release|Any CPU.ActiveCfg = Release|Any CPU
		{287F8483-1CBC-9AFE-321E-96055C9FF733}.Release|Any CPU.Build.0 = Release|Any CPU
		{47C758C6-9931-8A70-E286-D47398EF3950}.Debug|Any CPU.ActiveCfg = Debug|Any CPU
		{47C758C6-9931-8A70-E286-D47398EF3950}.Debug|Any CPU.Build.0 = Debug|Any CPU
		{47C758C6-9931-8A70-E286-D47398EF3950}.Release|Any CPU.ActiveCfg = Release|Any CPU
		{47C758C6-9931-8A70-E286-D47398EF3950}.Release|Any CPU.Build.0 = Release|Any CPU
		{42D55C23-FED7-69EC-4E15-ADD780D94C98}.Debug|Any CPU.ActiveCfg = Debug|Any CPU
		{42D55C23-FED7-69EC-4E15-ADD780D94C98}.Debug|Any CPU.Build.0 = Debug|Any CPU
		{42D55C23-FED7-69EC-4E15-ADD780D94C98}.Release|Any CPU.ActiveCfg = Release|Any CPU
		{42D55C23-FED7-69EC-4E15-ADD780D94C98}.Release|Any CPU.Build.0 = Release|Any CPU
	EndGlobalSection
	GlobalSection(SolutionProperties) = preSolution
		HideSolutionNode = FALSE
	EndGlobalSection
EndGlobal
